{
  "nodes": {
    "base16-tomorrow-scheme": {
      "flake": false,
      "locked": {
        "lastModified": 1559891939,
        "narHash": "sha256-CSfzQytRaPyozysHJgdUgvCbE8AIkrYM2TpC+pNHSBA=",
        "owner": "chriskempson",
        "repo": "base16-tomorrow-scheme",
        "rev": "af9622bd6a041561837a865df5e15802d99d156a",
        "type": "github"
      },
      "original": {
        "owner": "chriskempson",
        "repo": "base16-tomorrow-scheme",
        "type": "github"
      }
    },
    "emacs-overlay": {
      "locked": {
        "lastModified": 1642647885,
        "narHash": "sha256-/qPFVD8iVNaecoEREtp8oV7KU7H/JX1CS5CroUzYklM=",
        "owner": "nix-community",
        "repo": "emacs-overlay",
        "rev": "6dc044d3d10a69d455c9cb1a7698622f6a92a7df",
        "type": "github"
      },
      "original": {
        "owner": "nix-community",
        "repo": "emacs-overlay",
        "type": "github"
      }
    },
    "flake-compat": {
      "flake": false,
      "locked": {
        "lastModified": 1627913399,
        "narHash": "sha256-hY8g6H2KFL8ownSiFeMOjwPC8P0ueXpCVEbxgda3pko=",
        "owner": "edolstra",
        "repo": "flake-compat",
        "rev": "12c64ca55c1014cdc1b16ed5a804aa8576601ff2",
        "type": "github"
      },
      "original": {
        "owner": "edolstra",
        "repo": "flake-compat",
        "type": "github"
      }
    },
    "flake-utils": {
      "locked": {
        "lastModified": 1631561581,
        "narHash": "sha256-3VQMV5zvxaVLvqqUrNz3iJelLw30mIVSfZmAaauM3dA=",
        "owner": "numtide",
        "repo": "flake-utils",
        "rev": "7e5bf3925f6fbdfaf50a2a7ca0be2879c4261d19",
        "type": "github"
      },
      "original": {
        "owner": "numtide",
        "repo": "flake-utils",
        "type": "github"
      }
    },
    "flake-utils_2": {
      "locked": {
        "lastModified": 1638122382,
        "narHash": "sha256-sQzZzAbvKEqN9s0bzWuYmRaA03v40gaJ4+iL1LXjaeI=",
        "owner": "numtide",
        "repo": "flake-utils",
        "rev": "74f7e4319258e287b0f9cb95426c9853b282730b",
        "type": "github"
      },
      "original": {
        "owner": "numtide",
        "repo": "flake-utils",
        "type": "github"
      }
    },
    "home-manager": {
      "inputs": {
        "nixpkgs": [
          "nixpkgs"
        ]
      },
      "locked": {
        "lastModified": 1642653493,
        "narHash": "sha256-22mGPjiHUo2Jmze4IjXCJLjeK2mbvvCztHmUyUMr4yw=",
        "owner": "nix-community",
        "repo": "home-manager",
        "rev": "28b9ae40c45c5e7711c353fee1b7af734e293979",
        "type": "github"
      },
      "original": {
        "owner": "nix-community",
        "ref": "release-21.11",
        "repo": "home-manager",
        "type": "github"
      }
    },
    "kmonad": {
      "inputs": {
        "flake-utils": "flake-utils",
        "nixpkgs": [
          "nixpkgs"
        ]
      },
      "locked": {
        "dir": "nix",
        "lastModified": 1642343460,
        "narHash": "sha256-ZD+AVbeNEsC1cQIRj7Cx6QM4eRQiKEovKD1CxhKTl1Q=",
        "owner": "kmonad",
        "repo": "kmonad",
        "rev": "25d290b7ac8641772a66dfd6d122561a2a709b4f",
        "type": "github"
      },
      "original": {
        "dir": "nix",
        "owner": "kmonad",
        "repo": "kmonad",
        "type": "github"
      }
    },
    "mopidy-mpd": {
      "flake": false,
      "locked": {
        "lastModified": 1641930936,
        "narHash": "sha256-jOy1s6p/AOxF28bXaQxTCGf7JArQfzZe0wpNs7LWHGk=",
        "owner": "mopidy",
        "repo": "mopidy-mpd",
        "rev": "a8c4debc139020fbb17066b66a746644a915296c",
        "type": "github"
      },
      "original": {
        "owner": "mopidy",
        "repo": "mopidy-mpd",
        "type": "github"
      }
    },
    "nixos-hardware": {
      "locked": {
        "lastModified": 1641965797,
        "narHash": "sha256-AfxfIzAZbt9aAzpVBn0Bwhd/M4Wix7G91kEjm9H6FPo=",
        "owner": "nixos",
        "repo": "nixos-hardware",
        "rev": "87a35a0d58f546dc23f37b4f6af575d0e4be6a7a",
        "type": "github"
      },
      "original": {
        "owner": "nixos",
        "repo": "nixos-hardware",
        "type": "github"
      }
    },
    "nixpkgs": {
      "locked": {
        "lastModified": 1642609835,
        "narHash": "sha256-ZwJnV4mdis28u5vH240ec2mrApuEJYJekn23qlTwJ8c=",
        "owner": "nixos",
        "repo": "nixpkgs",
        "rev": "77aa71f66fd05d9e7b7d1c084865d703a8008ab7",
        "type": "github"
      },
      "original": {
        "owner": "nixos",
        "ref": "nixos-21.11",
        "repo": "nixpkgs",
        "type": "github"
      }
    },
    "nixpkgs-unstable": {
      "locked": {
        "lastModified": 1642281915,
        "narHash": "sha256-jcMsXmmO1knyf99o242A+2cy1A0eKa9afly0cwBknPA=",
        "owner": "nixos",
        "repo": "nixpkgs",
        "rev": "d5dae6569ea9952f1ae4e727946d93a71c507821",
        "type": "github"
      },
      "original": {
        "owner": "nixos",
        "ref": "nixos-unstable",
        "repo": "nixpkgs",
        "type": "github"
      }
    },
    "nur": {
      "locked": {
        "lastModified": 1642653699,
        "narHash": "sha256-FfPDPgLvrJUQE+0etnwXM7PTcHWD8W9n0QLNh5ozMsw=",
        "owner": "nix-community",
        "repo": "nur",
        "rev": "c97563cc73e88d2e79c0e79bf304f860f65974d2",
        "type": "github"
      },
      "original": {
        "owner": "nix-community",
        "repo": "nur",
        "type": "github"
      }
    },
    "private": {
      "flake": false,
      "locked": {
        "narHash": "sha256-Z8JFA0GJy0GfrzqOgiWj3F8OYYLLQmbk+HCYaRIqQ4k=",
        "path": "/home/splinter/configuration/private",
        "type": "path"
      },
      "original": {
        "path": "/home/splinter/configuration/private",
        "type": "path"
      }
    },
    "root": {
      "inputs": {
        "base16-tomorrow-scheme": "base16-tomorrow-scheme",
        "emacs-overlay": "emacs-overlay",
        "home-manager": "home-manager",
        "kmonad": "kmonad",
        "mopidy-mpd": "mopidy-mpd",
        "nixos-hardware": "nixos-hardware",
        "nixpkgs": "nixpkgs",
        "nixpkgs-unstable": "nixpkgs-unstable",
        "nur": "nur",
        "private": "private",
        "xmonad-splintah": "xmonad-splintah"
      }
    },
    "xmonad-splintah": {
      "inputs": {
        "flake-compat": "flake-compat",
        "flake-utils": "flake-utils_2",
        "nixpkgs": [
          "nixpkgs"
        ]
      },
      "locked": {
        "lastModified": 1638785763,
        "narHash": "sha256-b/+ys7PAfFwKtuHapRN/+NdkMFb8NL4Nha/NqRdTNfU=",
        "owner": "splintah",
        "repo": "xmonad-splintah",
        "rev": "60830b8bf12ca4f3487e4e18792f03cbc98d519a",
        "type": "github"
      },
      "original": {
        "owner": "splintah",
        "repo": "xmonad-splintah",
        "type": "github"
      }
    }
  },
  "root": "root",
  "version": 7
}
