{
  "nodes": {
    "base16-tomorrow-scheme": {
      "flake": false,
      "locked": {
        "lastModified": 1559891939,
        "narHash": "sha256-CSfzQytRaPyozysHJgdUgvCbE8AIkrYM2TpC+pNHSBA=",
        "owner": "chriskempson",
        "repo": "base16-tomorrow-scheme",
        "rev": "af9622bd6a041561837a865df5e15802d99d156a",
        "type": "github"
      },
      "original": {
        "owner": "chriskempson",
        "repo": "base16-tomorrow-scheme",
        "type": "github"
      }
    },
    "emacs-overlay": {
      "inputs": {
        "flake-utils": "flake-utils",
        "nixpkgs": "nixpkgs"
      },
      "locked": {
        "lastModified": 1677867078,
        "narHash": "sha256-88QSWkOL6jSUBcrKyG13tirLvE4lZ+9iAiuQBvlFL48=",
        "owner": "nix-community",
        "repo": "emacs-overlay",
        "rev": "bc977d5c4f5c0463ac8f2bd13406625b80a18bae",
        "type": "github"
      },
      "original": {
        "owner": "nix-community",
        "repo": "emacs-overlay",
        "type": "github"
      }
    },
    "flake-compat": {
      "flake": false,
      "locked": {
        "lastModified": 1650374568,
        "narHash": "sha256-Z+s0J8/r907g149rllvwhb4pKi8Wam5ij0st8PwAh+E=",
        "owner": "edolstra",
        "repo": "flake-compat",
        "rev": "b4a34015c698c7793d592d66adbab377907a2be8",
        "type": "github"
      },
      "original": {
        "owner": "edolstra",
        "repo": "flake-compat",
        "type": "github"
      }
    },
    "flake-utils": {
      "locked": {
        "lastModified": 1667395993,
        "narHash": "sha256-nuEHfE/LcWyuSWnS8t12N1wc105Qtau+/OdUAjtQ0rA=",
        "owner": "numtide",
        "repo": "flake-utils",
        "rev": "5aed5285a952e0b949eb3ba02c12fa4fcfef535f",
        "type": "github"
      },
      "original": {
        "owner": "numtide",
        "repo": "flake-utils",
        "type": "github"
      }
    },
    "flake-utils_2": {
      "locked": {
        "lastModified": 1653893745,
        "narHash": "sha256-0jntwV3Z8//YwuOjzhV2sgJJPt+HY6KhU7VZUL0fKZQ=",
        "owner": "numtide",
        "repo": "flake-utils",
        "rev": "1ed9fb1935d260de5fe1c2f7ee0ebaae17ed2fa1",
        "type": "github"
      },
      "original": {
        "owner": "numtide",
        "repo": "flake-utils",
        "type": "github"
      }
    },
    "home-manager": {
      "inputs": {
        "nixpkgs": [
          "nixpkgs"
        ],
        "utils": "utils"
      },
      "locked": {
        "lastModified": 1670253003,
        "narHash": "sha256-/tJIy4+FbsQyslq1ipyicZ2psOEd8dvl4OJ9lfisjd0=",
        "owner": "nix-community",
        "repo": "home-manager",
        "rev": "0e8125916b420e41bf0d23a0aa33fadd0328beb3",
        "type": "github"
      },
      "original": {
        "owner": "nix-community",
        "ref": "release-22.11",
        "repo": "home-manager",
        "type": "github"
      }
    },
    "kmonad": {
      "inputs": {
        "nixpkgs": [
          "nixpkgs"
        ]
      },
      "locked": {
        "dir": "nix",
        "lastModified": 1669553353,
        "narHash": "sha256-q2sn1vqpzTAEmWLBnslEjKwTpTR1bT7YnuLbuLFfVUw=",
        "owner": "kmonad",
        "repo": "kmonad",
        "rev": "596ed91500d6908b3dc8b97023f431115900c470",
        "type": "github"
      },
      "original": {
        "dir": "nix",
        "owner": "kmonad",
        "repo": "kmonad",
        "type": "github"
      }
    },
    "ligature.el": {
      "flake": false,
      "locked": {
        "lastModified": 1644765909,
        "narHash": "sha256-Bgb5wFyx0hMilpihxA8cTrRVw71EBOw2DczlM4lSNMs=",
        "owner": "mickeynp",
        "repo": "ligature.el",
        "rev": "9357156a917a021a87b33ee391567a5d8e44794a",
        "type": "github"
      },
      "original": {
        "owner": "mickeynp",
        "repo": "ligature.el",
        "type": "github"
      }
    },
    "lin": {
      "flake": false,
      "locked": {
        "lastModified": 1652845572,
        "narHash": "sha256-gw33xQQBhyOPK19kpq5wQaOIXAcFvtkj2o804IuqwWk=",
        "owner": "protesilaos",
        "repo": "lin",
        "rev": "a992fef9a47372c49cc477b36825908a7d40d3f9",
        "type": "gitlab"
      },
      "original": {
        "owner": "protesilaos",
        "repo": "lin",
        "type": "gitlab"
      }
    },
    "math-delimiters": {
      "flake": false,
      "locked": {
        "lastModified": 1635436319,
        "narHash": "sha256-5HZpVpq0WL3QRMicI+Rk2uJ1z9BVh5gdZojpGi4fEWo=",
        "owner": "oantolin",
        "repo": "math-delimiters",
        "rev": "421a5d7b433ffe62445af8b7adbf613ed63fe650",
        "type": "github"
      },
      "original": {
        "owner": "oantolin",
        "repo": "math-delimiters",
        "type": "github"
      }
    },
    "mopidy-mpd": {
      "flake": false,
      "locked": {
        "lastModified": 1651190335,
        "narHash": "sha256-/NIs+XAtPukiuI4DfQ8WuOi0yGcv1Y/UdtDEk5MAQNY=",
        "owner": "mopidy",
        "repo": "mopidy-mpd",
        "rev": "b6f2578d275b0ff0f280569a35434178739c97f8",
        "type": "github"
      },
      "original": {
        "owner": "mopidy",
        "repo": "mopidy-mpd",
        "type": "github"
      }
    },
    "nixos-hardware": {
      "locked": {
        "lastModified": 1670174919,
        "narHash": "sha256-XdQr3BUnrvVLRFunLWrZORhwYHDG0+9jUUe0Jv1pths=",
        "owner": "nixos",
        "repo": "nixos-hardware",
        "rev": "9d87bc030a0bf3f00e953dbf095a7d8e852dab6b",
        "type": "github"
      },
      "original": {
        "owner": "nixos",
        "repo": "nixos-hardware",
        "type": "github"
      }
    },
    "nixpkgs": {
      "locked": {
        "lastModified": 1673540789,
        "narHash": "sha256-xqnxBOK3qctIeUVxecydrEDbEXjsvHCPGPbvsl63M/U=",
        "owner": "NixOS",
        "repo": "nixpkgs",
        "rev": "0f213d0fee84280d8c3a97f7469b988d6fe5fcdf",
        "type": "github"
      },
      "original": {
        "owner": "NixOS",
        "ref": "nixos-unstable",
        "repo": "nixpkgs",
        "type": "github"
      }
    },
    "nixpkgs-iosevka": {
      "locked": {
        "lastModified": 1649760692,
        "narHash": "sha256-b+5Uo3yA2eFjvaGGeeLN7I3IJCxHL+jIQpB0HmBlqK4=",
        "owner": "nixos",
        "repo": "nixpkgs",
        "rev": "838eefb4f93f2306d4614aafb9b2375f315d917f",
        "type": "github"
      },
      "original": {
        "owner": "nixos",
        "repo": "nixpkgs",
        "rev": "838eefb4f93f2306d4614aafb9b2375f315d917f",
        "type": "github"
      }
    },
    "nixpkgs-unstable": {
      "locked": {
        "lastModified": 1674459583,
        "narHash": "sha256-L0UZl/u2H3HGsrhN+by42c5kNYeKtdmJiPzIRvEVeiM=",
        "owner": "nixos",
        "repo": "nixpkgs",
        "rev": "1b1f50645af2a70dc93eae18bfd88d330bfbcf7f",
        "type": "github"
      },
      "original": {
        "owner": "nixos",
        "ref": "nixos-unstable",
        "repo": "nixpkgs",
        "type": "github"
      }
    },
    "nixpkgs_2": {
      "locked": {
        "lastModified": 1674781052,
        "narHash": "sha256-nseKFXRvmZ+BDAeWQtsiad+5MnvI/M2Ak9iAWzooWBw=",
        "owner": "nixos",
        "repo": "nixpkgs",
        "rev": "cc4bb87f5457ba06af9ae57ee4328a49ce674b1b",
        "type": "github"
      },
      "original": {
        "owner": "nixos",
        "ref": "nixos-22.11",
        "repo": "nixpkgs",
        "type": "github"
      }
    },
    "nur": {
      "locked": {
        "lastModified": 1674823342,
        "narHash": "sha256-5UFRwDX91nMcazWP7K8ZSpmXWUAhliKpVzFOJ1IHKHw=",
        "owner": "nix-community",
        "repo": "nur",
        "rev": "b2246cfe6601d580126f6d2fafb5df759357d85d",
        "type": "github"
      },
      "original": {
        "owner": "nix-community",
        "repo": "nur",
        "type": "github"
      }
    },
    "private": {
      "flake": false,
      "locked": {
        "lastModified": 1661178990,
        "narHash": "sha256-yNXPJeu6u4auuAhtlQ5PSHsLvfrhPwJAAnVnCP5tN8U=",
        "path": "/home/splinter/configuration/private",
        "type": "path"
      },
      "original": {
        "path": "/home/splinter/configuration/private",
        "type": "path"
      }
    },
    "root": {
      "inputs": {
        "base16-tomorrow-scheme": "base16-tomorrow-scheme",
        "emacs-overlay": "emacs-overlay",
        "home-manager": "home-manager",
        "kmonad": "kmonad",
        "ligature.el": "ligature.el",
        "lin": "lin",
        "mopidy-mpd": "mopidy-mpd",
        "nixos-hardware": "nixos-hardware",
        "nixpkgs": "nixpkgs_2",
        "nixpkgs-iosevka": "nixpkgs-iosevka",
        "nixpkgs-unstable": "nixpkgs-unstable",
        "nur": "nur",
        "private": "private",
        "xmonad-splintah": "xmonad-splintah"
      }
    },
    "utils": {
      "locked": {
        "lastModified": 1667395993,
        "narHash": "sha256-nuEHfE/LcWyuSWnS8t12N1wc105Qtau+/OdUAjtQ0rA=",
        "owner": "numtide",
        "repo": "flake-utils",
        "rev": "5aed5285a952e0b949eb3ba02c12fa4fcfef535f",
        "type": "github"
      },
      "original": {
        "owner": "numtide",
        "repo": "flake-utils",
        "type": "github"
      }
    },
    "xmonad-splintah": {
      "inputs": {
        "flake-compat": "flake-compat",
        "flake-utils": "flake-utils_2",
        "nixpkgs": [
          "nixpkgs"
        ]
      },
      "locked": {
        "lastModified": 1653943410,
        "narHash": "sha256-483jf1j/xYx1bwyj2M8SduUja/ZmdD9Vg1Vsf/NeFBk=",
        "owner": "splintah",
        "repo": "xmonad-splintah",
        "rev": "0117995aa795fe9719ed9188012639e9be49a731",
        "type": "github"
      },
      "original": {
        "owner": "splintah",
        "repo": "xmonad-splintah",
        "type": "github"
      }
    }
  },
  "root": "root",
  "version": 7
}
