{
  "nodes": {
    "base16-tomorrow-scheme": {
      "flake": false,
      "locked": {
        "lastModified": 1559891939,
        "narHash": "sha256-CSfzQytRaPyozysHJgdUgvCbE8AIkrYM2TpC+pNHSBA=",
        "owner": "chriskempson",
        "repo": "base16-tomorrow-scheme",
        "rev": "af9622bd6a041561837a865df5e15802d99d156a",
        "type": "github"
      },
      "original": {
        "owner": "chriskempson",
        "repo": "base16-tomorrow-scheme",
        "type": "github"
      }
    },
    "emacs-overlay": {
      "inputs": {
        "flake-utils": "flake-utils",
        "nixpkgs": "nixpkgs",
        "nixpkgs-stable": "nixpkgs-stable"
      },
      "locked": {
        "lastModified": 1718644238,
        "narHash": "sha256-Kjqe0v2n0+ZU74edGZJADysx+n4Ny5QVuqk4xVEblHE=",
        "owner": "nix-community",
        "repo": "emacs-overlay",
        "rev": "1f57a6596440c15e6135dfbde5f93c2851f01ac9",
        "type": "github"
      },
      "original": {
        "owner": "nix-community",
        "repo": "emacs-overlay",
        "type": "github"
      }
    },
    "flake-compat": {
      "flake": false,
      "locked": {
        "lastModified": 1650374568,
        "narHash": "sha256-Z+s0J8/r907g149rllvwhb4pKi8Wam5ij0st8PwAh+E=",
        "owner": "edolstra",
        "repo": "flake-compat",
        "rev": "b4a34015c698c7793d592d66adbab377907a2be8",
        "type": "github"
      },
      "original": {
        "owner": "edolstra",
        "repo": "flake-compat",
        "type": "github"
      }
    },
    "flake-utils": {
      "inputs": {
        "systems": "systems"
      },
      "locked": {
        "lastModified": 1710146030,
        "narHash": "sha256-SZ5L6eA7HJ/nmkzGG7/ISclqe6oZdOZTNoesiInkXPQ=",
        "owner": "numtide",
        "repo": "flake-utils",
        "rev": "b1d9ab70662946ef0850d488da1c9019f3a9752a",
        "type": "github"
      },
      "original": {
        "owner": "numtide",
        "repo": "flake-utils",
        "type": "github"
      }
    },
    "flake-utils_2": {
      "locked": {
        "lastModified": 1653893745,
        "narHash": "sha256-0jntwV3Z8//YwuOjzhV2sgJJPt+HY6KhU7VZUL0fKZQ=",
        "owner": "numtide",
        "repo": "flake-utils",
        "rev": "1ed9fb1935d260de5fe1c2f7ee0ebaae17ed2fa1",
        "type": "github"
      },
      "original": {
        "owner": "numtide",
        "repo": "flake-utils",
        "type": "github"
      }
    },
    "home-manager": {
      "inputs": {
        "nixpkgs": [
          "nixpkgs"
        ]
      },
      "locked": {
        "lastModified": 1718530513,
        "narHash": "sha256-BmO8d0r+BVlwWtMLQEYnwmngqdXIuyFzMwvmTcLMee8=",
        "owner": "nix-community",
        "repo": "home-manager",
        "rev": "a1fddf0967c33754271761d91a3d921772b30d0e",
        "type": "github"
      },
      "original": {
        "owner": "nix-community",
        "ref": "release-24.05",
        "repo": "home-manager",
        "type": "github"
      }
    },
    "kmonad": {
      "inputs": {
        "nixpkgs": [
          "nixpkgs"
        ]
      },
      "locked": {
        "dir": "nix",
        "lastModified": 1717741147,
        "narHash": "sha256-Zz1xi6Fy8QrYkaC7WuKjUt8sxJmP9xd7+kHlkdjQ7qE=",
        "owner": "kmonad",
        "repo": "kmonad",
        "rev": "235b42610758355a664c153999c1ff03b4d918e6",
        "type": "github"
      },
      "original": {
        "dir": "nix",
        "owner": "kmonad",
        "repo": "kmonad",
        "type": "github"
      }
    },
    "ligature.el": {
      "flake": false,
      "locked": {
        "lastModified": 1644765909,
        "narHash": "sha256-Bgb5wFyx0hMilpihxA8cTrRVw71EBOw2DczlM4lSNMs=",
        "owner": "mickeynp",
        "repo": "ligature.el",
        "rev": "9357156a917a021a87b33ee391567a5d8e44794a",
        "type": "github"
      },
      "original": {
        "owner": "mickeynp",
        "repo": "ligature.el",
        "type": "github"
      }
    },
    "lin": {
      "flake": false,
      "locked": {
        "lastModified": 1674205499,
        "narHash": "sha256-ytrRLXJta9a/aq7PxvTPkBqJpxUwPrjFCtingwhg0/Y=",
        "owner": "protesilaos",
        "repo": "lin",
        "rev": "370f63eb1f923c1661251c4d8d5b3a321db69732",
        "type": "gitlab"
      },
      "original": {
        "owner": "protesilaos",
        "repo": "lin",
        "type": "gitlab"
      }
    },
    "math-delimiters": {
      "flake": false,
      "locked": {
        "lastModified": 1687835260,
        "narHash": "sha256-0dAfZM114VhAK1XtnCXfnV0m96Plsd0spNtacmHuEw8=",
        "owner": "oantolin",
        "repo": "math-delimiters",
        "rev": "70f1325af5cf83cc119c5b0e94117fbab70fd103",
        "type": "github"
      },
      "original": {
        "owner": "oantolin",
        "repo": "math-delimiters",
        "type": "github"
      }
    },
    "mopidy-mpd": {
      "flake": false,
      "locked": {
        "lastModified": 1651190335,
        "narHash": "sha256-/NIs+XAtPukiuI4DfQ8WuOi0yGcv1Y/UdtDEk5MAQNY=",
        "owner": "mopidy",
        "repo": "mopidy-mpd",
        "rev": "b6f2578d275b0ff0f280569a35434178739c97f8",
        "type": "github"
      },
      "original": {
        "owner": "mopidy",
        "repo": "mopidy-mpd",
        "type": "github"
      }
    },
    "nixos-hardware": {
      "locked": {
        "lastModified": 1718548414,
        "narHash": "sha256-1obyIuQPR/Kq1j5/i/5EuAfQrDwjYnjCDG8iLtXmBhQ=",
        "owner": "nixos",
        "repo": "nixos-hardware",
        "rev": "cde8f7e11f036160b0fd6a9e07dc4c8e4061cf06",
        "type": "github"
      },
      "original": {
        "owner": "nixos",
        "repo": "nixos-hardware",
        "type": "github"
      }
    },
    "nixpkgs": {
      "locked": {
        "lastModified": 1718318537,
        "narHash": "sha256-4Zu0RYRcAY/VWuu6awwq4opuiD//ahpc2aFHg2CWqFY=",
        "owner": "NixOS",
        "repo": "nixpkgs",
        "rev": "e9ee548d90ff586a6471b4ae80ae9cfcbceb3420",
        "type": "github"
      },
      "original": {
        "owner": "NixOS",
        "ref": "nixos-unstable",
        "repo": "nixpkgs",
        "type": "github"
      }
    },
    "nixpkgs-iosevka": {
      "locked": {
        "lastModified": 1649760692,
        "narHash": "sha256-b+5Uo3yA2eFjvaGGeeLN7I3IJCxHL+jIQpB0HmBlqK4=",
        "owner": "nixos",
        "repo": "nixpkgs",
        "rev": "838eefb4f93f2306d4614aafb9b2375f315d917f",
        "type": "github"
      },
      "original": {
        "owner": "nixos",
        "repo": "nixpkgs",
        "rev": "838eefb4f93f2306d4614aafb9b2375f315d917f",
        "type": "github"
      }
    },
    "nixpkgs-stable": {
      "locked": {
        "lastModified": 1718447546,
        "narHash": "sha256-JHuXsrC9pr4kA4n7LuuPfWFJUVlDBVJ1TXDVpHEuUgM=",
        "owner": "NixOS",
        "repo": "nixpkgs",
        "rev": "842253bf992c3a7157b67600c2857193f126563a",
        "type": "github"
      },
      "original": {
        "owner": "NixOS",
        "ref": "nixos-23.11",
        "repo": "nixpkgs",
        "type": "github"
      }
    },
    "nixpkgs-unstable": {
      "locked": {
        "lastModified": 1718318537,
        "narHash": "sha256-4Zu0RYRcAY/VWuu6awwq4opuiD//ahpc2aFHg2CWqFY=",
        "owner": "nixos",
        "repo": "nixpkgs",
        "rev": "e9ee548d90ff586a6471b4ae80ae9cfcbceb3420",
        "type": "github"
      },
      "original": {
        "owner": "nixos",
        "ref": "nixos-unstable",
        "repo": "nixpkgs",
        "type": "github"
      }
    },
    "nixpkgs_2": {
      "locked": {
        "lastModified": 1718437845,
        "narHash": "sha256-ZT7Oc1g4I4pHVGGjQFnewFVDRLH5cIZhEzODLz9YXeY=",
        "owner": "nixos",
        "repo": "nixpkgs",
        "rev": "752c634c09ceb50c45e751f8791cb45cb3d46c9e",
        "type": "github"
      },
      "original": {
        "owner": "nixos",
        "ref": "nixos-24.05",
        "repo": "nixpkgs",
        "type": "github"
      }
    },
    "nur": {
      "locked": {
        "lastModified": 1718642297,
        "narHash": "sha256-hun/M+XXadIjMOHansGAVssP/G+CJyGEOr/j0J6tFBI=",
        "owner": "nix-community",
        "repo": "nur",
        "rev": "32418ba10a3e009ab417c4bd7d66259815aceb2a",
        "type": "github"
      },
      "original": {
        "owner": "nix-community",
        "repo": "nur",
        "type": "github"
      }
    },
    "private": {
      "flake": false,
      "locked": {
        "lastModified": 1661178990,
        "narHash": "sha256-yNXPJeu6u4auuAhtlQ5PSHsLvfrhPwJAAnVnCP5tN8U=",
        "path": "/home/splinter/configuration/private",
        "type": "path"
      },
      "original": {
        "path": "/home/splinter/configuration/private",
        "type": "path"
      }
    },
    "root": {
      "inputs": {
        "base16-tomorrow-scheme": "base16-tomorrow-scheme",
        "emacs-overlay": "emacs-overlay",
        "home-manager": "home-manager",
        "kmonad": "kmonad",
        "ligature.el": "ligature.el",
        "lin": "lin",
        "math-delimiters": "math-delimiters",
        "mopidy-mpd": "mopidy-mpd",
        "nixos-hardware": "nixos-hardware",
        "nixpkgs": "nixpkgs_2",
        "nixpkgs-iosevka": "nixpkgs-iosevka",
        "nixpkgs-unstable": "nixpkgs-unstable",
        "nur": "nur",
        "private": "private",
        "xmonad-splintah": "xmonad-splintah"
      }
    },
    "systems": {
      "locked": {
        "lastModified": 1681028828,
        "narHash": "sha256-Vy1rq5AaRuLzOxct8nz4T6wlgyUR7zLU309k9mBC768=",
        "owner": "nix-systems",
        "repo": "default",
        "rev": "da67096a3b9bf56a91d16901293e51ba5b49a27e",
        "type": "github"
      },
      "original": {
        "owner": "nix-systems",
        "repo": "default",
        "type": "github"
      }
    },
    "xmonad-splintah": {
      "inputs": {
        "flake-compat": "flake-compat",
        "flake-utils": "flake-utils_2",
        "nixpkgs": [
          "nixpkgs"
        ]
      },
      "locked": {
        "lastModified": 1653943410,
        "narHash": "sha256-483jf1j/xYx1bwyj2M8SduUja/ZmdD9Vg1Vsf/NeFBk=",
        "owner": "splintah",
        "repo": "xmonad-splintah",
        "rev": "0117995aa795fe9719ed9188012639e9be49a731",
        "type": "github"
      },
      "original": {
        "owner": "splintah",
        "repo": "xmonad-splintah",
        "type": "github"
      }
    }
  },
  "root": "root",
  "version": 7
}
